
Microsoft Visual Studio Solution File, Format Version 12.00
# Visual Studio Version 17
VisualStudioVersion = 17.5.002.0
MinimumVisualStudioVersion = 10.0.40219.1
Project("{9A19103F-16F7-4668-BE54-9A1E7A4F7556}") = "group2Ac#", "group2Ac#.csproj", "{72A8F9C4-F265-4319-91F9-F21CD5587810}"
EndProject
Global
	GlobalSection(SolutionConfigurationPlatforms) = preSolution
		Debug|Any CPU = Debug|Any CPU
		Release|Any CPU = Release|Any CPU
	EndGlobalSection
	GlobalSection(ProjectConfigurationPlatforms) = postSolution
		{72A8F9C4-F265-4319-91F9-F21CD5587810}.Debug|Any CPU.ActiveCfg = Debug|Any CPU
		{72A8F9C4-F265-4319-91F9-F21CD5587810}.Debug|Any CPU.Build.0 = Debug|Any CPU
		{72A8F9C4-F265-4319-91F9-F21CD5587810}.Release|Any CPU.ActiveCfg = Release|Any CPU
		{72A8F9C4-F265-4319-91F9-F21CD5587810}.Release|Any CPU.Build.0 = Release|Any CPU
	EndGlobalSection
	GlobalSection(SolutionProperties) = preSolution
		HideSolutionNode = FALSE
	EndGlobalSection
	GlobalSection(ExtensibilityGlobals) = postSolution
		SolutionGuid = {50BFF3A8-6CD7-4EE6-9841-8E645C4D46A4}
	EndGlobalSection
EndGlobal
